// !$*UTF8*$!
{
	archiveVersion = 1;
	classes = {
	};
	objectVersion = 46;
	objects = {

/* Begin PBXAggregateTarget section */
		"SketchKit::SketchKitPackageTests::ProductTarget" /* SketchKitPackageTests */ = {
			isa = PBXAggregateTarget;
			buildConfigurationList = OBJ_82 /* Build configuration list for PBXAggregateTarget "SketchKitPackageTests" */;
			buildPhases = (
			);
			dependencies = (
				OBJ_85 /* PBXTargetDependency */,
			);
			name = SketchKitPackageTests;
			productName = SketchKitPackageTests;
		};
/* End PBXAggregateTarget section */

/* Begin PBXBuildFile section */
		OBJ_100 /* UILayoutGuide+TrailingAnchorTests.swift in Sources */ = {isa = PBXBuildFile; fileRef = OBJ_27 /* UILayoutGuide+TrailingAnchorTests.swift */; };
		OBJ_101 /* UILayoutGuide+WidthAnchorTests.swift in Sources */ = {isa = PBXBuildFile; fileRef = OBJ_28 /* UILayoutGuide+WidthAnchorTests.swift */; };
		OBJ_102 /* BottomAnchorTests.swift in Sources */ = {isa = PBXBuildFile; fileRef = OBJ_31 /* BottomAnchorTests.swift */; };
		OBJ_103 /* CenterAnchorTests.swift in Sources */ = {isa = PBXBuildFile; fileRef = OBJ_32 /* CenterAnchorTests.swift */; };
		OBJ_104 /* HeightAnchorTests.swift in Sources */ = {isa = PBXBuildFile; fileRef = OBJ_33 /* HeightAnchorTests.swift */; };
		OBJ_105 /* LeadingAnchorTests.swift in Sources */ = {isa = PBXBuildFile; fileRef = OBJ_34 /* LeadingAnchorTests.swift */; };
		OBJ_106 /* LeftAnchorTests.swift in Sources */ = {isa = PBXBuildFile; fileRef = OBJ_35 /* LeftAnchorTests.swift */; };
		OBJ_107 /* RightAnchorTests.swift in Sources */ = {isa = PBXBuildFile; fileRef = OBJ_36 /* RightAnchorTests.swift */; };
		OBJ_108 /* TopAnchorTests.swift in Sources */ = {isa = PBXBuildFile; fileRef = OBJ_37 /* TopAnchorTests.swift */; };
		OBJ_109 /* TrailingAnchorTests.swift in Sources */ = {isa = PBXBuildFile; fileRef = OBJ_38 /* TrailingAnchorTests.swift */; };
		OBJ_110 /* WidthAnchorTests.swift in Sources */ = {isa = PBXBuildFile; fileRef = OBJ_39 /* WidthAnchorTests.swift */; };
		OBJ_111 /* SafeBottomAnchorTests.swift in Sources */ = {isa = PBXBuildFile; fileRef = OBJ_41 /* SafeBottomAnchorTests.swift */; };
		OBJ_112 /* SafeCenterAnchorTests.swift in Sources */ = {isa = PBXBuildFile; fileRef = OBJ_42 /* SafeCenterAnchorTests.swift */; };
		OBJ_113 /* SafeHeightAnchorTests.swift in Sources */ = {isa = PBXBuildFile; fileRef = OBJ_43 /* SafeHeightAnchorTests.swift */; };
		OBJ_114 /* SafeLeadingAnchorTests.swift in Sources */ = {isa = PBXBuildFile; fileRef = OBJ_44 /* SafeLeadingAnchorTests.swift */; };
		OBJ_115 /* SafeLeftAnchorTests.swift in Sources */ = {isa = PBXBuildFile; fileRef = OBJ_45 /* SafeLeftAnchorTests.swift */; };
		OBJ_116 /* SafeRightAnchorTests.swift in Sources */ = {isa = PBXBuildFile; fileRef = OBJ_46 /* SafeRightAnchorTests.swift */; };
		OBJ_117 /* SafeTopAnchorTests.swift in Sources */ = {isa = PBXBuildFile; fileRef = OBJ_47 /* SafeTopAnchorTests.swift */; };
		OBJ_118 /* SafeTrailingAnchorTests.swift in Sources */ = {isa = PBXBuildFile; fileRef = OBJ_48 /* SafeTrailingAnchorTests.swift */; };
		OBJ_119 /* SafeWidthAnchorTests.swift in Sources */ = {isa = PBXBuildFile; fileRef = OBJ_49 /* SafeWidthAnchorTests.swift */; };
		OBJ_120 /* XCTestManifests.swift in Sources */ = {isa = PBXBuildFile; fileRef = OBJ_50 /* XCTestManifests.swift */; };
		OBJ_122 /* SketchKit.framework in Frameworks */ = {isa = PBXBuildFile; fileRef = "SketchKit::SketchKit::Product" /* SketchKit.framework */; };
		OBJ_70 /* Constrainable.swift in Sources */ = {isa = PBXBuildFile; fileRef = OBJ_9 /* Constrainable.swift */; };
		OBJ_71 /* Anchors+SafeArea.swift in Sources */ = {isa = PBXBuildFile; fileRef = OBJ_11 /* Anchors+SafeArea.swift */; };
		OBJ_72 /* Constrainable+Anchors.swift in Sources */ = {isa = PBXBuildFile; fileRef = OBJ_12 /* Constrainable+Anchors.swift */; };
		OBJ_73 /* SketchKitViewDSL.swift in Sources */ = {isa = PBXBuildFile; fileRef = OBJ_13 /* SketchKitViewDSL.swift */; };
		OBJ_80 /* Package.swift in Sources */ = {isa = PBXBuildFile; fileRef = OBJ_6 /* Package.swift */; };
		OBJ_91 /* Anchor+AddonsTests.swift in Sources */ = {isa = PBXBuildFile; fileRef = OBJ_17 /* Anchor+AddonsTests.swift */; };
		OBJ_92 /* UILayoutGuide+AddonsTests.swift in Sources */ = {isa = PBXBuildFile; fileRef = OBJ_18 /* UILayoutGuide+AddonsTests.swift */; };
		OBJ_93 /* UILayoutGuide+BottomAnchorTests.swift in Sources */ = {isa = PBXBuildFile; fileRef = OBJ_20 /* UILayoutGuide+BottomAnchorTests.swift */; };
		OBJ_94 /* UILayoutGuide+CenterAnchorTests.swift in Sources */ = {isa = PBXBuildFile; fileRef = OBJ_21 /* UILayoutGuide+CenterAnchorTests.swift */; };
		OBJ_95 /* UILayoutGuide+HeightAnchorTests.swift in Sources */ = {isa = PBXBuildFile; fileRef = OBJ_22 /* UILayoutGuide+HeightAnchorTests.swift */; };
		OBJ_96 /* UILayoutGuide+LeadingAnchorTests.swift in Sources */ = {isa = PBXBuildFile; fileRef = OBJ_23 /* UILayoutGuide+LeadingAnchorTests.swift */; };
		OBJ_97 /* UILayoutGuide+LeftAnchorTests.swift in Sources */ = {isa = PBXBuildFile; fileRef = OBJ_24 /* UILayoutGuide+LeftAnchorTests.swift */; };
		OBJ_98 /* UILayoutGuide+RightAnchorTests.swift in Sources */ = {isa = PBXBuildFile; fileRef = OBJ_25 /* UILayoutGuide+RightAnchorTests.swift */; };
		OBJ_99 /* UILayoutGuide+TopAnchorTests.swift in Sources */ = {isa = PBXBuildFile; fileRef = OBJ_26 /* UILayoutGuide+TopAnchorTests.swift */; };
/* End PBXBuildFile section */

/* Begin PBXContainerItemProxy section */
		DDD0691225DCA194002CA94D /* PBXContainerItemProxy */ = {
			isa = PBXContainerItemProxy;
			containerPortal = OBJ_1 /* Project object */;
			proxyType = 1;
			remoteGlobalIDString = "SketchKit::SketchKit";
			remoteInfo = SketchKit;
		};
		DDD0691525DCA195002CA94D /* PBXContainerItemProxy */ = {
			isa = PBXContainerItemProxy;
			containerPortal = OBJ_1 /* Project object */;
			proxyType = 1;
			remoteGlobalIDString = "SketchKit::SketchKitTests";
			remoteInfo = SketchKitTests;
		};
/* End PBXContainerItemProxy section */

/* Begin PBXFileReference section */
		OBJ_11 /* Anchors+SafeArea.swift */ = {isa = PBXFileReference; lastKnownFileType = sourcecode.swift; path = "Anchors+SafeArea.swift"; sourceTree = "<group>"; };
		OBJ_12 /* Constrainable+Anchors.swift */ = {isa = PBXFileReference; lastKnownFileType = sourcecode.swift; path = "Constrainable+Anchors.swift"; sourceTree = "<group>"; };
		OBJ_13 /* SketchKitViewDSL.swift */ = {isa = PBXFileReference; lastKnownFileType = sourcecode.swift; path = SketchKitViewDSL.swift; sourceTree = "<group>"; };
		OBJ_17 /* Anchor+AddonsTests.swift */ = {isa = PBXFileReference; lastKnownFileType = sourcecode.swift; path = "Anchor+AddonsTests.swift"; sourceTree = "<group>"; };
		OBJ_18 /* UILayoutGuide+AddonsTests.swift */ = {isa = PBXFileReference; lastKnownFileType = sourcecode.swift; path = "UILayoutGuide+AddonsTests.swift"; sourceTree = "<group>"; };
		OBJ_20 /* UILayoutGuide+BottomAnchorTests.swift */ = {isa = PBXFileReference; lastKnownFileType = sourcecode.swift; path = "UILayoutGuide+BottomAnchorTests.swift"; sourceTree = "<group>"; };
		OBJ_21 /* UILayoutGuide+CenterAnchorTests.swift */ = {isa = PBXFileReference; lastKnownFileType = sourcecode.swift; path = "UILayoutGuide+CenterAnchorTests.swift"; sourceTree = "<group>"; };
		OBJ_22 /* UILayoutGuide+HeightAnchorTests.swift */ = {isa = PBXFileReference; lastKnownFileType = sourcecode.swift; path = "UILayoutGuide+HeightAnchorTests.swift"; sourceTree = "<group>"; };
		OBJ_23 /* UILayoutGuide+LeadingAnchorTests.swift */ = {isa = PBXFileReference; lastKnownFileType = sourcecode.swift; path = "UILayoutGuide+LeadingAnchorTests.swift"; sourceTree = "<group>"; };
		OBJ_24 /* UILayoutGuide+LeftAnchorTests.swift */ = {isa = PBXFileReference; lastKnownFileType = sourcecode.swift; path = "UILayoutGuide+LeftAnchorTests.swift"; sourceTree = "<group>"; };
		OBJ_25 /* UILayoutGuide+RightAnchorTests.swift */ = {isa = PBXFileReference; lastKnownFileType = sourcecode.swift; path = "UILayoutGuide+RightAnchorTests.swift"; sourceTree = "<group>"; };
		OBJ_26 /* UILayoutGuide+TopAnchorTests.swift */ = {isa = PBXFileReference; lastKnownFileType = sourcecode.swift; path = "UILayoutGuide+TopAnchorTests.swift"; sourceTree = "<group>"; };
		OBJ_27 /* UILayoutGuide+TrailingAnchorTests.swift */ = {isa = PBXFileReference; lastKnownFileType = sourcecode.swift; path = "UILayoutGuide+TrailingAnchorTests.swift"; sourceTree = "<group>"; };
		OBJ_28 /* UILayoutGuide+WidthAnchorTests.swift */ = {isa = PBXFileReference; lastKnownFileType = sourcecode.swift; path = "UILayoutGuide+WidthAnchorTests.swift"; sourceTree = "<group>"; };
		OBJ_31 /* BottomAnchorTests.swift */ = {isa = PBXFileReference; lastKnownFileType = sourcecode.swift; path = BottomAnchorTests.swift; sourceTree = "<group>"; };
		OBJ_32 /* CenterAnchorTests.swift */ = {isa = PBXFileReference; lastKnownFileType = sourcecode.swift; path = CenterAnchorTests.swift; sourceTree = "<group>"; };
		OBJ_33 /* HeightAnchorTests.swift */ = {isa = PBXFileReference; lastKnownFileType = sourcecode.swift; path = HeightAnchorTests.swift; sourceTree = "<group>"; };
		OBJ_34 /* LeadingAnchorTests.swift */ = {isa = PBXFileReference; lastKnownFileType = sourcecode.swift; path = LeadingAnchorTests.swift; sourceTree = "<group>"; };
		OBJ_35 /* LeftAnchorTests.swift */ = {isa = PBXFileReference; lastKnownFileType = sourcecode.swift; path = LeftAnchorTests.swift; sourceTree = "<group>"; };
		OBJ_36 /* RightAnchorTests.swift */ = {isa = PBXFileReference; lastKnownFileType = sourcecode.swift; path = RightAnchorTests.swift; sourceTree = "<group>"; };
		OBJ_37 /* TopAnchorTests.swift */ = {isa = PBXFileReference; lastKnownFileType = sourcecode.swift; path = TopAnchorTests.swift; sourceTree = "<group>"; };
		OBJ_38 /* TrailingAnchorTests.swift */ = {isa = PBXFileReference; lastKnownFileType = sourcecode.swift; path = TrailingAnchorTests.swift; sourceTree = "<group>"; };
		OBJ_39 /* WidthAnchorTests.swift */ = {isa = PBXFileReference; lastKnownFileType = sourcecode.swift; path = WidthAnchorTests.swift; sourceTree = "<group>"; };
		OBJ_41 /* SafeBottomAnchorTests.swift */ = {isa = PBXFileReference; lastKnownFileType = sourcecode.swift; path = SafeBottomAnchorTests.swift; sourceTree = "<group>"; };
		OBJ_42 /* SafeCenterAnchorTests.swift */ = {isa = PBXFileReference; lastKnownFileType = sourcecode.swift; path = SafeCenterAnchorTests.swift; sourceTree = "<group>"; };
		OBJ_43 /* SafeHeightAnchorTests.swift */ = {isa = PBXFileReference; lastKnownFileType = sourcecode.swift; path = SafeHeightAnchorTests.swift; sourceTree = "<group>"; };
		OBJ_44 /* SafeLeadingAnchorTests.swift */ = {isa = PBXFileReference; lastKnownFileType = sourcecode.swift; path = SafeLeadingAnchorTests.swift; sourceTree = "<group>"; };
		OBJ_45 /* SafeLeftAnchorTests.swift */ = {isa = PBXFileReference; lastKnownFileType = sourcecode.swift; path = SafeLeftAnchorTests.swift; sourceTree = "<group>"; };
		OBJ_46 /* SafeRightAnchorTests.swift */ = {isa = PBXFileReference; lastKnownFileType = sourcecode.swift; path = SafeRightAnchorTests.swift; sourceTree = "<group>"; };
		OBJ_47 /* SafeTopAnchorTests.swift */ = {isa = PBXFileReference; lastKnownFileType = sourcecode.swift; path = SafeTopAnchorTests.swift; sourceTree = "<group>"; };
		OBJ_48 /* SafeTrailingAnchorTests.swift */ = {isa = PBXFileReference; lastKnownFileType = sourcecode.swift; path = SafeTrailingAnchorTests.swift; sourceTree = "<group>"; };
		OBJ_49 /* SafeWidthAnchorTests.swift */ = {isa = PBXFileReference; lastKnownFileType = sourcecode.swift; path = SafeWidthAnchorTests.swift; sourceTree = "<group>"; };
		OBJ_50 /* XCTestManifests.swift */ = {isa = PBXFileReference; lastKnownFileType = sourcecode.swift; path = XCTestManifests.swift; sourceTree = "<group>"; };
		OBJ_54 /* images */ = {isa = PBXFileReference; lastKnownFileType = folder; path = images; sourceTree = SOURCE_ROOT; };
		OBJ_55 /* docs */ = {isa = PBXFileReference; lastKnownFileType = folder; path = docs; sourceTree = SOURCE_ROOT; };
		OBJ_56 /* build */ = {isa = PBXFileReference; lastKnownFileType = folder; path = build; sourceTree = SOURCE_ROOT; };
		OBJ_57 /* CODE_OF_CONDUCT.md */ = {isa = PBXFileReference; lastKnownFileType = net.daringfireball.markdown; path = CODE_OF_CONDUCT.md; sourceTree = "<group>"; };
		OBJ_58 /* codecov.yml */ = {isa = PBXFileReference; lastKnownFileType = text.yaml; path = codecov.yml; sourceTree = "<group>"; };
		OBJ_59 /* LICENSE */ = {isa = PBXFileReference; lastKnownFileType = text; path = LICENSE; sourceTree = "<group>"; };
		OBJ_6 /* Package.swift */ = {isa = PBXFileReference; explicitFileType = sourcecode.swift; path = Package.swift; sourceTree = "<group>"; };
		OBJ_60 /* SketchKit.podspec */ = {isa = PBXFileReference; lastKnownFileType = text; path = SketchKit.podspec; sourceTree = "<group>"; };
		OBJ_61 /* README.md */ = {isa = PBXFileReference; lastKnownFileType = net.daringfireball.markdown; path = README.md; sourceTree = "<group>"; };
		OBJ_62 /* CONTRIBUTING.md */ = {isa = PBXFileReference; lastKnownFileType = net.daringfireball.markdown; path = CONTRIBUTING.md; sourceTree = "<group>"; };
		OBJ_63 /* _config.yml */ = {isa = PBXFileReference; lastKnownFileType = text.yaml; path = _config.yml; sourceTree = "<group>"; };
		OBJ_64 /* Gemfile */ = {isa = PBXFileReference; lastKnownFileType = text; path = Gemfile; sourceTree = "<group>"; };
		OBJ_9 /* Constrainable.swift */ = {isa = PBXFileReference; lastKnownFileType = sourcecode.swift; path = Constrainable.swift; sourceTree = "<group>"; };
		"SketchKit::SketchKit::Product" /* SketchKit.framework */ = {isa = PBXFileReference; lastKnownFileType = wrapper.framework; path = SketchKit.framework; sourceTree = BUILT_PRODUCTS_DIR; };
		"SketchKit::SketchKitTests::Product" /* SketchKitTests.xctest */ = {isa = PBXFileReference; lastKnownFileType = file; path = SketchKitTests.xctest; sourceTree = BUILT_PRODUCTS_DIR; };
/* End PBXFileReference section */

/* Begin PBXFrameworksBuildPhase section */
		OBJ_121 /* Frameworks */ = {
			isa = PBXFrameworksBuildPhase;
			buildActionMask = 0;
			files = (
				OBJ_122 /* SketchKit.framework in Frameworks */,
			);
			runOnlyForDeploymentPostprocessing = 0;
		};
		OBJ_74 /* Frameworks */ = {
			isa = PBXFrameworksBuildPhase;
			buildActionMask = 0;
			files = (
			);
			runOnlyForDeploymentPostprocessing = 0;
		};
/* End PBXFrameworksBuildPhase section */

/* Begin PBXGroup section */
		OBJ_10 /* Extensions */ = {
			isa = PBXGroup;
			children = (
				OBJ_11 /* Anchors+SafeArea.swift */,
				OBJ_12 /* Constrainable+Anchors.swift */,
			);
			path = Extensions;
			sourceTree = "<group>";
		};
		OBJ_14 /* Tests */ = {
			isa = PBXGroup;
			children = (
				OBJ_15 /* SketchKitTests */,
			);
			name = Tests;
			sourceTree = SOURCE_ROOT;
		};
		OBJ_15 /* SketchKitTests */ = {
			isa = PBXGroup;
			children = (
				OBJ_16 /* Addons */,
				OBJ_19 /* UILayoutGuide */,
				OBJ_29 /* UIView */,
				OBJ_50 /* XCTestManifests.swift */,
			);
			name = SketchKitTests;
			path = Tests/SketchKitTests;
			sourceTree = SOURCE_ROOT;
		};
		OBJ_16 /* Addons */ = {
			isa = PBXGroup;
			children = (
				OBJ_17 /* Anchor+AddonsTests.swift */,
				OBJ_18 /* UILayoutGuide+AddonsTests.swift */,
			);
			path = Addons;
			sourceTree = "<group>";
		};
		OBJ_19 /* UILayoutGuide */ = {
			isa = PBXGroup;
			children = (
				OBJ_20 /* UILayoutGuide+BottomAnchorTests.swift */,
				OBJ_21 /* UILayoutGuide+CenterAnchorTests.swift */,
				OBJ_22 /* UILayoutGuide+HeightAnchorTests.swift */,
				OBJ_23 /* UILayoutGuide+LeadingAnchorTests.swift */,
				OBJ_24 /* UILayoutGuide+LeftAnchorTests.swift */,
				OBJ_25 /* UILayoutGuide+RightAnchorTests.swift */,
				OBJ_26 /* UILayoutGuide+TopAnchorTests.swift */,
				OBJ_27 /* UILayoutGuide+TrailingAnchorTests.swift */,
				OBJ_28 /* UILayoutGuide+WidthAnchorTests.swift */,
			);
			path = UILayoutGuide;
			sourceTree = "<group>";
		};
		OBJ_29 /* UIView */ = {
			isa = PBXGroup;
			children = (
				OBJ_30 /* LayoutGuide */,
				OBJ_40 /* SafeArea */,
			);
			path = UIView;
			sourceTree = "<group>";
		};
		OBJ_30 /* LayoutGuide */ = {
			isa = PBXGroup;
			children = (
				OBJ_31 /* BottomAnchorTests.swift */,
				OBJ_32 /* CenterAnchorTests.swift */,
				OBJ_33 /* HeightAnchorTests.swift */,
				OBJ_34 /* LeadingAnchorTests.swift */,
				OBJ_35 /* LeftAnchorTests.swift */,
				OBJ_36 /* RightAnchorTests.swift */,
				OBJ_37 /* TopAnchorTests.swift */,
				OBJ_38 /* TrailingAnchorTests.swift */,
				OBJ_39 /* WidthAnchorTests.swift */,
			);
			path = LayoutGuide;
			sourceTree = "<group>";
		};
		OBJ_40 /* SafeArea */ = {
			isa = PBXGroup;
			children = (
				OBJ_41 /* SafeBottomAnchorTests.swift */,
				OBJ_42 /* SafeCenterAnchorTests.swift */,
				OBJ_43 /* SafeHeightAnchorTests.swift */,
				OBJ_44 /* SafeLeadingAnchorTests.swift */,
				OBJ_45 /* SafeLeftAnchorTests.swift */,
				OBJ_46 /* SafeRightAnchorTests.swift */,
				OBJ_47 /* SafeTopAnchorTests.swift */,
				OBJ_48 /* SafeTrailingAnchorTests.swift */,
				OBJ_49 /* SafeWidthAnchorTests.swift */,
			);
			path = SafeArea;
			sourceTree = "<group>";
		};
		OBJ_5 /*  */ = {
			isa = PBXGroup;
			children = (
				OBJ_6 /* Package.swift */,
				OBJ_7 /* Sources */,
				OBJ_14 /* Tests */,
				OBJ_51 /* Products */,
				OBJ_54 /* images */,
				OBJ_55 /* docs */,
				OBJ_56 /* build */,
				OBJ_57 /* CODE_OF_CONDUCT.md */,
				OBJ_58 /* codecov.yml */,
				OBJ_59 /* LICENSE */,
				OBJ_60 /* SketchKit.podspec */,
				OBJ_61 /* README.md */,
				OBJ_62 /* CONTRIBUTING.md */,
				OBJ_63 /* _config.yml */,
				OBJ_64 /* Gemfile */,
			);
			name = "";
			sourceTree = "<group>";
		};
		OBJ_51 /* Products */ = {
			isa = PBXGroup;
			children = (
				"SketchKit::SketchKit::Product" /* SketchKit.framework */,
				"SketchKit::SketchKitTests::Product" /* SketchKitTests.xctest */,
			);
			name = Products;
			sourceTree = BUILT_PRODUCTS_DIR;
		};
		OBJ_7 /* Sources */ = {
			isa = PBXGroup;
			children = (
				OBJ_8 /* SketchKit */,
			);
			path = Sources;
			sourceTree = SOURCE_ROOT;
		};
		OBJ_8 /* SketchKit */ = {
			isa = PBXGroup;
			children = (
				OBJ_9 /* Constrainable.swift */,
				OBJ_13 /* SketchKitViewDSL.swift */,
				OBJ_10 /* Extensions */,
			);
			path = SketchKit;
			sourceTree = "<group>";
		};
/* End PBXGroup section */

/* Begin PBXNativeTarget section */
		"SketchKit::SketchKit" /* SketchKit */ = {
			isa = PBXNativeTarget;
			buildConfigurationList = OBJ_66 /* Build configuration list for PBXNativeTarget "SketchKit" */;
			buildPhases = (
				OBJ_69 /* Sources */,
				OBJ_74 /* Frameworks */,
			);
			buildRules = (
			);
			dependencies = (
			);
			name = SketchKit;
			productName = SketchKit;
			productReference = "SketchKit::SketchKit::Product" /* SketchKit.framework */;
			productType = "com.apple.product-type.framework";
		};
		"SketchKit::SketchKitTests" /* SketchKitTests */ = {
			isa = PBXNativeTarget;
			buildConfigurationList = OBJ_87 /* Build configuration list for PBXNativeTarget "SketchKitTests" */;
			buildPhases = (
				OBJ_90 /* Sources */,
				OBJ_121 /* Frameworks */,
			);
			buildRules = (
			);
			dependencies = (
				OBJ_123 /* PBXTargetDependency */,
			);
			name = SketchKitTests;
			productName = SketchKitTests;
			productReference = "SketchKit::SketchKitTests::Product" /* SketchKitTests.xctest */;
			productType = "com.apple.product-type.bundle.unit-test";
		};
		"SketchKit::SwiftPMPackageDescription" /* SketchKitPackageDescription */ = {
			isa = PBXNativeTarget;
			buildConfigurationList = OBJ_76 /* Build configuration list for PBXNativeTarget "SketchKitPackageDescription" */;
			buildPhases = (
				OBJ_79 /* Sources */,
			);
			buildRules = (
			);
			dependencies = (
			);
			name = SketchKitPackageDescription;
			productName = SketchKitPackageDescription;
			productType = "com.apple.product-type.framework";
		};
/* End PBXNativeTarget section */

/* Begin PBXProject section */
		OBJ_1 /* Project object */ = {
			isa = PBXProject;
			attributes = {
				LastSwiftMigration = 9999;
				LastUpgradeCheck = 9999;
			};
			buildConfigurationList = OBJ_2 /* Build configuration list for PBXProject "SketchKit" */;
			compatibilityVersion = "Xcode 3.2";
			developmentRegion = en;
			hasScannedForEncodings = 0;
			knownRegions = (
				en,
			);
			mainGroup = OBJ_5 /*  */;
			productRefGroup = OBJ_51 /* Products */;
			projectDirPath = "";
			projectRoot = "";
			targets = (
				"SketchKit::SketchKit" /* SketchKit */,
				"SketchKit::SwiftPMPackageDescription" /* SketchKitPackageDescription */,
				"SketchKit::SketchKitPackageTests::ProductTarget" /* SketchKitPackageTests */,
				"SketchKit::SketchKitTests" /* SketchKitTests */,
			);
		};
/* End PBXProject section */

/* Begin PBXSourcesBuildPhase section */
		OBJ_69 /* Sources */ = {
			isa = PBXSourcesBuildPhase;
			buildActionMask = 0;
			files = (
				OBJ_70 /* Constrainable.swift in Sources */,
				OBJ_71 /* Anchors+SafeArea.swift in Sources */,
				OBJ_72 /* Constrainable+Anchors.swift in Sources */,
				OBJ_73 /* SketchKitViewDSL.swift in Sources */,
			);
			runOnlyForDeploymentPostprocessing = 0;
		};
		OBJ_79 /* Sources */ = {
			isa = PBXSourcesBuildPhase;
			buildActionMask = 0;
			files = (
				OBJ_80 /* Package.swift in Sources */,
			);
			runOnlyForDeploymentPostprocessing = 0;
		};
		OBJ_90 /* Sources */ = {
			isa = PBXSourcesBuildPhase;
			buildActionMask = 0;
			files = (
				OBJ_91 /* Anchor+AddonsTests.swift in Sources */,
				OBJ_92 /* UILayoutGuide+AddonsTests.swift in Sources */,
				OBJ_93 /* UILayoutGuide+BottomAnchorTests.swift in Sources */,
				OBJ_94 /* UILayoutGuide+CenterAnchorTests.swift in Sources */,
				OBJ_95 /* UILayoutGuide+HeightAnchorTests.swift in Sources */,
				OBJ_96 /* UILayoutGuide+LeadingAnchorTests.swift in Sources */,
				OBJ_97 /* UILayoutGuide+LeftAnchorTests.swift in Sources */,
				OBJ_98 /* UILayoutGuide+RightAnchorTests.swift in Sources */,
				OBJ_99 /* UILayoutGuide+TopAnchorTests.swift in Sources */,
				OBJ_100 /* UILayoutGuide+TrailingAnchorTests.swift in Sources */,
				OBJ_101 /* UILayoutGuide+WidthAnchorTests.swift in Sources */,
				OBJ_102 /* BottomAnchorTests.swift in Sources */,
				OBJ_103 /* CenterAnchorTests.swift in Sources */,
				OBJ_104 /* HeightAnchorTests.swift in Sources */,
				OBJ_105 /* LeadingAnchorTests.swift in Sources */,
				OBJ_106 /* LeftAnchorTests.swift in Sources */,
				OBJ_107 /* RightAnchorTests.swift in Sources */,
				OBJ_108 /* TopAnchorTests.swift in Sources */,
				OBJ_109 /* TrailingAnchorTests.swift in Sources */,
				OBJ_110 /* WidthAnchorTests.swift in Sources */,
				OBJ_111 /* SafeBottomAnchorTests.swift in Sources */,
				OBJ_112 /* SafeCenterAnchorTests.swift in Sources */,
				OBJ_113 /* SafeHeightAnchorTests.swift in Sources */,
				OBJ_114 /* SafeLeadingAnchorTests.swift in Sources */,
				OBJ_115 /* SafeLeftAnchorTests.swift in Sources */,
				OBJ_116 /* SafeRightAnchorTests.swift in Sources */,
				OBJ_117 /* SafeTopAnchorTests.swift in Sources */,
				OBJ_118 /* SafeTrailingAnchorTests.swift in Sources */,
				OBJ_119 /* SafeWidthAnchorTests.swift in Sources */,
				OBJ_120 /* XCTestManifests.swift in Sources */,
			);
			runOnlyForDeploymentPostprocessing = 0;
		};
/* End PBXSourcesBuildPhase section */

/* Begin PBXTargetDependency section */
		OBJ_123 /* PBXTargetDependency */ = {
			isa = PBXTargetDependency;
			target = "SketchKit::SketchKit" /* SketchKit */;
			targetProxy = DDD0691225DCA194002CA94D /* PBXContainerItemProxy */;
		};
		OBJ_85 /* PBXTargetDependency */ = {
			isa = PBXTargetDependency;
			target = "SketchKit::SketchKitTests" /* SketchKitTests */;
			targetProxy = DDD0691525DCA195002CA94D /* PBXContainerItemProxy */;
		};
/* End PBXTargetDependency section */

/* Begin XCBuildConfiguration section */
		OBJ_3 /* Debug */ = {
			isa = XCBuildConfiguration;
			buildSettings = {
				CLANG_ENABLE_OBJC_ARC = YES;
				COMBINE_HIDPI_IMAGES = YES;
				COPY_PHASE_STRIP = NO;
				DEBUG_INFORMATION_FORMAT = dwarf;
				DYLIB_INSTALL_NAME_BASE = "@rpath";
				ENABLE_NS_ASSERTIONS = YES;
				GCC_OPTIMIZATION_LEVEL = 0;
				GCC_PREPROCESSOR_DEFINITIONS = (
					"$(inherited)",
					"SWIFT_PACKAGE=1",
					"DEBUG=1",
				);
				MACOSX_DEPLOYMENT_TARGET = 10.10;
				ONLY_ACTIVE_ARCH = YES;
				OTHER_SWIFT_FLAGS = "$(inherited) -DXcode";
				PRODUCT_NAME = "$(TARGET_NAME)";
				SDKROOT = macosx;
				SUPPORTED_PLATFORMS = "macosx iphoneos iphonesimulator appletvos appletvsimulator watchos watchsimulator";
				SWIFT_ACTIVE_COMPILATION_CONDITIONS = "$(inherited) SWIFT_PACKAGE DEBUG";
				SWIFT_OPTIMIZATION_LEVEL = "-Onone";
				USE_HEADERMAP = NO;
			};
			name = Debug;
		};
		OBJ_4 /* Release */ = {
			isa = XCBuildConfiguration;
			buildSettings = {
				CLANG_ENABLE_OBJC_ARC = YES;
				COMBINE_HIDPI_IMAGES = YES;
				COPY_PHASE_STRIP = YES;
				DEBUG_INFORMATION_FORMAT = "dwarf-with-dsym";
				DYLIB_INSTALL_NAME_BASE = "@rpath";
				GCC_OPTIMIZATION_LEVEL = s;
				GCC_PREPROCESSOR_DEFINITIONS = (
					"$(inherited)",
					"SWIFT_PACKAGE=1",
				);
				MACOSX_DEPLOYMENT_TARGET = 10.10;
				OTHER_SWIFT_FLAGS = "$(inherited) -DXcode";
				PRODUCT_NAME = "$(TARGET_NAME)";
				SDKROOT = macosx;
				SUPPORTED_PLATFORMS = "macosx iphoneos iphonesimulator appletvos appletvsimulator watchos watchsimulator";
				SWIFT_ACTIVE_COMPILATION_CONDITIONS = "$(inherited) SWIFT_PACKAGE";
				SWIFT_OPTIMIZATION_LEVEL = "-Owholemodule";
				USE_HEADERMAP = NO;
			};
			name = Release;
		};
		OBJ_67 /* Debug */ = {
			isa = XCBuildConfiguration;
			buildSettings = {
				ENABLE_TESTABILITY = YES;
				FRAMEWORK_SEARCH_PATHS = (
					"$(inherited)",
					"$(PLATFORM_DIR)/Developer/Library/Frameworks",
				);
				HEADER_SEARCH_PATHS = "$(inherited)";
				INFOPLIST_FILE = SketchKit.xcodeproj/SketchKit_Info.plist;
				IPHONEOS_DEPLOYMENT_TARGET = 9.0;
				LD_RUNPATH_SEARCH_PATHS = "$(inherited) $(TOOLCHAIN_DIR)/usr/lib/swift/macosx";
				MACOSX_DEPLOYMENT_TARGET = 10.10;
				OTHER_CFLAGS = "$(inherited)";
				OTHER_LDFLAGS = "$(inherited)";
				OTHER_SWIFT_FLAGS = "$(inherited)";
				PRODUCT_BUNDLE_IDENTIFIER = SketchKit;
				PRODUCT_MODULE_NAME = "$(TARGET_NAME:c99extidentifier)";
				PRODUCT_NAME = "$(TARGET_NAME:c99extidentifier)";
				SKIP_INSTALL = YES;
				SWIFT_ACTIVE_COMPILATION_CONDITIONS = "$(inherited)";
				SWIFT_VERSION = 5.0;
				TARGET_NAME = SketchKit;
				TVOS_DEPLOYMENT_TARGET = 9.0;
				WATCHOS_DEPLOYMENT_TARGET = 2.0;
			};
			name = Debug;
		};
		OBJ_68 /* Release */ = {
			isa = XCBuildConfiguration;
			buildSettings = {
				ENABLE_TESTABILITY = YES;
				FRAMEWORK_SEARCH_PATHS = (
					"$(inherited)",
					"$(PLATFORM_DIR)/Developer/Library/Frameworks",
				);
				HEADER_SEARCH_PATHS = "$(inherited)";
				INFOPLIST_FILE = SketchKit.xcodeproj/SketchKit_Info.plist;
				IPHONEOS_DEPLOYMENT_TARGET = 9.0;
				LD_RUNPATH_SEARCH_PATHS = "$(inherited) $(TOOLCHAIN_DIR)/usr/lib/swift/macosx";
				MACOSX_DEPLOYMENT_TARGET = 10.10;
				OTHER_CFLAGS = "$(inherited)";
				OTHER_LDFLAGS = "$(inherited)";
				OTHER_SWIFT_FLAGS = "$(inherited)";
				PRODUCT_BUNDLE_IDENTIFIER = SketchKit;
				PRODUCT_MODULE_NAME = "$(TARGET_NAME:c99extidentifier)";
				PRODUCT_NAME = "$(TARGET_NAME:c99extidentifier)";
				SKIP_INSTALL = YES;
				SWIFT_ACTIVE_COMPILATION_CONDITIONS = "$(inherited)";
				SWIFT_VERSION = 5.0;
				TARGET_NAME = SketchKit;
				TVOS_DEPLOYMENT_TARGET = 9.0;
				WATCHOS_DEPLOYMENT_TARGET = 2.0;
			};
			name = Release;
		};
		OBJ_77 /* Debug */ = {
			isa = XCBuildConfiguration;
			buildSettings = {
				LD = /usr/bin/true;
				OTHER_SWIFT_FLAGS = "-swift-version 5 -I $(TOOLCHAIN_DIR)/usr/lib/swift/pm/4_2 -sdk /Applications/Xcode.app/Contents/Developer/Platforms/MacOSX.platform/Developer/SDKs/MacOSX11.1.sdk -package-description-version 5.3.0";
				SWIFT_VERSION = 5.0;
			};
			name = Debug;
		};
		OBJ_78 /* Release */ = {
			isa = XCBuildConfiguration;
			buildSettings = {
				LD = /usr/bin/true;
				OTHER_SWIFT_FLAGS = "-swift-version 5 -I $(TOOLCHAIN_DIR)/usr/lib/swift/pm/4_2 -sdk /Applications/Xcode.app/Contents/Developer/Platforms/MacOSX.platform/Developer/SDKs/MacOSX11.1.sdk -package-description-version 5.3.0";
				SWIFT_VERSION = 5.0;
			};
			name = Release;
		};
		OBJ_83 /* Debug */ = {
			isa = XCBuildConfiguration;
			buildSettings = {
			};
			name = Debug;
		};
		OBJ_84 /* Release */ = {
			isa = XCBuildConfiguration;
			buildSettings = {
			};
			name = Release;
		};
		OBJ_88 /* Debug */ = {
			isa = XCBuildConfiguration;
			buildSettings = {
				CLANG_ENABLE_MODULES = YES;
				EMBEDDED_CONTENT_CONTAINS_SWIFT = YES;
				FRAMEWORK_SEARCH_PATHS = (
					"$(inherited)",
					"$(PLATFORM_DIR)/Developer/Library/Frameworks",
				);
				HEADER_SEARCH_PATHS = "$(inherited)";
				INFOPLIST_FILE = SketchKit.xcodeproj/SketchKitTests_Info.plist;
				IPHONEOS_DEPLOYMENT_TARGET = 14.0;
				LD_RUNPATH_SEARCH_PATHS = "$(inherited) @loader_path/../Frameworks @loader_path/Frameworks";
				MACOSX_DEPLOYMENT_TARGET = 10.15;
				OTHER_CFLAGS = "$(inherited)";
				OTHER_LDFLAGS = "$(inherited)";
				OTHER_SWIFT_FLAGS = "$(inherited)";
				SWIFT_ACTIVE_COMPILATION_CONDITIONS = "$(inherited)";
				SWIFT_VERSION = 5.0;
				TARGET_NAME = SketchKitTests;
				TVOS_DEPLOYMENT_TARGET = 9.0;
				WATCHOS_DEPLOYMENT_TARGET = 2.0;
			};
			name = Debug;
		};
		OBJ_89 /* Release */ = {
			isa = XCBuildConfiguration;
			buildSettings = {
				CLANG_ENABLE_MODULES = YES;
				EMBEDDED_CONTENT_CONTAINS_SWIFT = YES;
				FRAMEWORK_SEARCH_PATHS = (
					"$(inherited)",
					"$(PLATFORM_DIR)/Developer/Library/Frameworks",
				);
				HEADER_SEARCH_PATHS = "$(inherited)";
				INFOPLIST_FILE = SketchKit.xcodeproj/SketchKitTests_Info.plist;
				IPHONEOS_DEPLOYMENT_TARGET = 14.0;
				LD_RUNPATH_SEARCH_PATHS = "$(inherited) @loader_path/../Frameworks @loader_path/Frameworks";
				MACOSX_DEPLOYMENT_TARGET = 10.15;
				OTHER_CFLAGS = "$(inherited)";
				OTHER_LDFLAGS = "$(inherited)";
				OTHER_SWIFT_FLAGS = "$(inherited)";
				SWIFT_ACTIVE_COMPILATION_CONDITIONS = "$(inherited)";
				SWIFT_VERSION = 5.0;
				TARGET_NAME = SketchKitTests;
				TVOS_DEPLOYMENT_TARGET = 9.0;
				WATCHOS_DEPLOYMENT_TARGET = 2.0;
			};
			name = Release;
		};
/* End XCBuildConfiguration section */

/* Begin XCConfigurationList section */
		OBJ_2 /* Build configuration list for PBXProject "SketchKit" */ = {
			isa = XCConfigurationList;
			buildConfigurations = (
				OBJ_3 /* Debug */,
				OBJ_4 /* Release */,
			);
			defaultConfigurationIsVisible = 0;
			defaultConfigurationName = Release;
		};
		OBJ_66 /* Build configuration list for PBXNativeTarget "SketchKit" */ = {
			isa = XCConfigurationList;
			buildConfigurations = (
				OBJ_67 /* Debug */,
				OBJ_68 /* Release */,
			);
			defaultConfigurationIsVisible = 0;
			defaultConfigurationName = Release;
		};
		OBJ_76 /* Build configuration list for PBXNativeTarget "SketchKitPackageDescription" */ = {
			isa = XCConfigurationList;
			buildConfigurations = (
				OBJ_77 /* Debug */,
				OBJ_78 /* Release */,
			);
			defaultConfigurationIsVisible = 0;
			defaultConfigurationName = Release;
		};
		OBJ_82 /* Build configuration list for PBXAggregateTarget "SketchKitPackageTests" */ = {
			isa = XCConfigurationList;
			buildConfigurations = (
				OBJ_83 /* Debug */,
				OBJ_84 /* Release */,
			);
			defaultConfigurationIsVisible = 0;
			defaultConfigurationName = Release;
		};
		OBJ_87 /* Build configuration list for PBXNativeTarget "SketchKitTests" */ = {
			isa = XCConfigurationList;
			buildConfigurations = (
				OBJ_88 /* Debug */,
				OBJ_89 /* Release */,
			);
			defaultConfigurationIsVisible = 0;
			defaultConfigurationName = Release;
		};
/* End XCConfigurationList section */
	};
	rootObject = OBJ_1 /* Project object */;
}
